
Microsoft Visual Studio Solution File, Format Version 12.00
# Visual Studio 14
VisualStudioVersion = 14.0.25420.1
MinimumVisualStudioVersion = 10.0.40219.1
Project("{FAE04EC0-301F-11D3-BF4B-00C04F79EFBC}") = "TaskConsoleApplication", "TaskConsoleApplication\TaskConsoleApplication.csproj", "{91245240-7615-4EDB-BAF4-B25613C4D75F}"
EndProject
Project("{FAE04EC0-301F-11D3-BF4B-00C04F79EFBC}") = "TaskException", "TaskException\TaskException.csproj", "{F5DFF2C8-ABBA-4236-87A8-9478045D5FE6}"
EndProject
Global
	GlobalSection(SolutionConfigurationPlatforms) = preSolution
		Debug|Any CPU = Debug|Any CPU
		Release|Any CPU = Release|Any CPU
	EndGlobalSection
	GlobalSection(ProjectConfigurationPlatforms) = postSolution
		{91245240-7615-4EDB-BAF4-B25613C4D75F}.Debug|Any CPU.ActiveCfg = Debug|Any CPU
		{91245240-7615-4EDB-BAF4-B25613C4D75F}.Debug|Any CPU.Build.0 = Debug|Any CPU
		{91245240-7615-4EDB-BAF4-B25613C4D75F}.Release|Any CPU.ActiveCfg = Release|Any CPU
		{91245240-7615-4EDB-BAF4-B25613C4D75F}.Release|Any CPU.Build.0 = Release|Any CPU
		{F5DFF2C8-ABBA-4236-87A8-9478045D5FE6}.Debug|Any CPU.ActiveCfg = Debug|Any CPU
		{F5DFF2C8-ABBA-4236-87A8-9478045D5FE6}.Debug|Any CPU.Build.0 = Debug|Any CPU
		{F5DFF2C8-ABBA-4236-87A8-9478045D5FE6}.Release|Any CPU.ActiveCfg = Release|Any CPU
		{F5DFF2C8-ABBA-4236-87A8-9478045D5FE6}.Release|Any CPU.Build.0 = Release|Any CPU
	EndGlobalSection
	GlobalSection(SolutionProperties) = preSolution
		HideSolutionNode = FALSE
	EndGlobalSection
EndGlobal
